
Microsoft Visual Studio Solution File, Format Version 12.00
# Visual Studio Version 16
VisualStudioVersion = 16.0.29613.14
MinimumVisualStudioVersion = 10.0.40219.1
Project("{FAE04EC0-301F-11D3-BF4B-00C04F79EFBC}") = "AspWebForm", "AspWebForm.csproj", "{D30DD450-45A6-4434-B4DB-9E602FFB4A8A}"
EndProject
Global
	GlobalSection(SolutionConfigurationPlatforms) = preSolution
		Debug|Any CPU = Debug|Any CPU
		Release|Any CPU = Release|Any CPU
	EndGlobalSection
	GlobalSection(ProjectConfigurationPlatforms) = postSolution
		{D30DD450-45A6-4434-B4DB-9E602FFB4A8A}.Debug|Any CPU.ActiveCfg = Debug|Any CPU
		{D30DD450-45A6-4434-B4DB-9E602FFB4A8A}.Debug|Any CPU.Build.0 = Debug|Any CPU
		{D30DD450-45A6-4434-B4DB-9E602FFB4A8A}.Release|Any CPU.ActiveCfg = Release|Any CPU
		{D30DD450-45A6-4434-B4DB-9E602FFB4A8A}.Release|Any CPU.Build.0 = Release|Any CPU
	EndGlobalSection
	GlobalSection(SolutionProperties) = preSolution
		HideSolutionNode = FALSE
	EndGlobalSection
	GlobalSection(ExtensibilityGlobals) = postSolution
		SolutionGuid = {94FB6240-F6D5-44CD-8EC8-CEF1C5C6407A}
	EndGlobalSection
EndGlobal
