
Microsoft Visual Studio Solution File, Format Version 12.00
# Visual Studio Version 16
VisualStudioVersion = 16.0.29613.14
MinimumVisualStudioVersion = 10.0.40219.1
Project("{FAE04EC0-301F-11D3-BF4B-00C04F79EFBC}") = "StudentProblem", "StudentProblem.csproj", "{C1A893A9-BD78-41B8-95EA-A65E6A581CF1}"
EndProject
Global
	GlobalSection(SolutionConfigurationPlatforms) = preSolution
		Debug|Any CPU = Debug|Any CPU
		Release|Any CPU = Release|Any CPU
	EndGlobalSection
	GlobalSection(ProjectConfigurationPlatforms) = postSolution
		{C1A893A9-BD78-41B8-95EA-A65E6A581CF1}.Debug|Any CPU.ActiveCfg = Debug|Any CPU
		{C1A893A9-BD78-41B8-95EA-A65E6A581CF1}.Debug|Any CPU.Build.0 = Debug|Any CPU
		{C1A893A9-BD78-41B8-95EA-A65E6A581CF1}.Release|Any CPU.ActiveCfg = Release|Any CPU
		{C1A893A9-BD78-41B8-95EA-A65E6A581CF1}.Release|Any CPU.Build.0 = Release|Any CPU
	EndGlobalSection
	GlobalSection(SolutionProperties) = preSolution
		HideSolutionNode = FALSE
	EndGlobalSection
	GlobalSection(ExtensibilityGlobals) = postSolution
		SolutionGuid = {33A83907-EA73-4A67-A3A3-A21A862FD403}
	EndGlobalSection
EndGlobal
