
Microsoft Visual Studio Solution File, Format Version 12.00
# Visual Studio Version 16
VisualStudioVersion = 16.0.29613.14
MinimumVisualStudioVersion = 10.0.40219.1
Project("{FAE04EC0-301F-11D3-BF4B-00C04F79EFBC}") = "DifferentMethodsForCallingFunction", "DifferentMethodsForCallingFunction.csproj", "{F9D77D26-CE27-481E-B77F-FE6C1FBF8FE2}"
EndProject
Global
	GlobalSection(SolutionConfigurationPlatforms) = preSolution
		Debug|Any CPU = Debug|Any CPU
		Release|Any CPU = Release|Any CPU
	EndGlobalSection
	GlobalSection(ProjectConfigurationPlatforms) = postSolution
		{F9D77D26-CE27-481E-B77F-FE6C1FBF8FE2}.Debug|Any CPU.ActiveCfg = Debug|Any CPU
		{F9D77D26-CE27-481E-B77F-FE6C1FBF8FE2}.Debug|Any CPU.Build.0 = Debug|Any CPU
		{F9D77D26-CE27-481E-B77F-FE6C1FBF8FE2}.Release|Any CPU.ActiveCfg = Release|Any CPU
		{F9D77D26-CE27-481E-B77F-FE6C1FBF8FE2}.Release|Any CPU.Build.0 = Release|Any CPU
	EndGlobalSection
	GlobalSection(SolutionProperties) = preSolution
		HideSolutionNode = FALSE
	EndGlobalSection
	GlobalSection(ExtensibilityGlobals) = postSolution
		SolutionGuid = {E6F937FF-7946-4145-86A6-9A721546AE58}
	EndGlobalSection
EndGlobal
