
Microsoft Visual Studio Solution File, Format Version 12.00
# Visual Studio Version 16
VisualStudioVersion = 16.0.29613.14
MinimumVisualStudioVersion = 10.0.40219.1
Project("{9A19103F-16F7-4668-BE54-9A1E7A4F7556}") = "ServicesIntro", "ServicesIntro\ServicesIntro.csproj", "{38EE80E2-3DD2-48E7-BB6B-C99DFC000A6E}"
EndProject
Project("{9A19103F-16F7-4668-BE54-9A1E7A4F7556}") = "OrdersService", "OrdersService\OrdersService.csproj", "{517DD3A5-BAB8-4A46-98AE-6F1F29D4F674}"
EndProject
Project("{9A19103F-16F7-4668-BE54-9A1E7A4F7556}") = "Gateway", "Gateway\Gateway.csproj", "{F494BBCA-F59D-429A-80BA-A6007A92E67F}"
EndProject
Project("{FAE04EC0-301F-11D3-BF4B-00C04F79EFBC}") = "TestProject", "TestProject\TestProject.csproj", "{B30D2589-BEA7-4DAC-B0E3-1BB7A50EF6A9}"
EndProject
Global
	GlobalSection(SolutionConfigurationPlatforms) = preSolution
		Debug|Any CPU = Debug|Any CPU
		Release|Any CPU = Release|Any CPU
	EndGlobalSection
	GlobalSection(ProjectConfigurationPlatforms) = postSolution
		{38EE80E2-3DD2-48E7-BB6B-C99DFC000A6E}.Debug|Any CPU.ActiveCfg = Debug|Any CPU
		{38EE80E2-3DD2-48E7-BB6B-C99DFC000A6E}.Debug|Any CPU.Build.0 = Debug|Any CPU
		{38EE80E2-3DD2-48E7-BB6B-C99DFC000A6E}.Release|Any CPU.ActiveCfg = Release|Any CPU
		{38EE80E2-3DD2-48E7-BB6B-C99DFC000A6E}.Release|Any CPU.Build.0 = Release|Any CPU
		{517DD3A5-BAB8-4A46-98AE-6F1F29D4F674}.Debug|Any CPU.ActiveCfg = Debug|Any CPU
		{517DD3A5-BAB8-4A46-98AE-6F1F29D4F674}.Debug|Any CPU.Build.0 = Debug|Any CPU
		{517DD3A5-BAB8-4A46-98AE-6F1F29D4F674}.Release|Any CPU.ActiveCfg = Release|Any CPU
		{517DD3A5-BAB8-4A46-98AE-6F1F29D4F674}.Release|Any CPU.Build.0 = Release|Any CPU
		{F494BBCA-F59D-429A-80BA-A6007A92E67F}.Debug|Any CPU.ActiveCfg = Debug|Any CPU
		{F494BBCA-F59D-429A-80BA-A6007A92E67F}.Debug|Any CPU.Build.0 = Debug|Any CPU
		{F494BBCA-F59D-429A-80BA-A6007A92E67F}.Release|Any CPU.ActiveCfg = Release|Any CPU
		{F494BBCA-F59D-429A-80BA-A6007A92E67F}.Release|Any CPU.Build.0 = Release|Any CPU
		{B30D2589-BEA7-4DAC-B0E3-1BB7A50EF6A9}.Debug|Any CPU.ActiveCfg = Debug|Any CPU
		{B30D2589-BEA7-4DAC-B0E3-1BB7A50EF6A9}.Debug|Any CPU.Build.0 = Debug|Any CPU
		{B30D2589-BEA7-4DAC-B0E3-1BB7A50EF6A9}.Release|Any CPU.ActiveCfg = Release|Any CPU
		{B30D2589-BEA7-4DAC-B0E3-1BB7A50EF6A9}.Release|Any CPU.Build.0 = Release|Any CPU
	EndGlobalSection
	GlobalSection(SolutionProperties) = preSolution
		HideSolutionNode = FALSE
	EndGlobalSection
	GlobalSection(ExtensibilityGlobals) = postSolution
		SolutionGuid = {9A968989-CA13-4A23-9FA7-043E230EB8B3}
	EndGlobalSection
EndGlobal
