
Microsoft Visual Studio Solution File, Format Version 12.00
# Visual Studio Version 16
VisualStudioVersion = 16.0.29613.14
MinimumVisualStudioVersion = 10.0.40219.1
Project("{FAE04EC0-301F-11D3-BF4B-00C04F79EFBC}") = "HandsOnIterativeStatements", "HandsOnIterativeStatements.csproj", "{100FBA0B-6C06-470E-BD47-E4720C49FD4D}"
EndProject
Global
	GlobalSection(SolutionConfigurationPlatforms) = preSolution
		Debug|Any CPU = Debug|Any CPU
		Release|Any CPU = Release|Any CPU
	EndGlobalSection
	GlobalSection(ProjectConfigurationPlatforms) = postSolution
		{100FBA0B-6C06-470E-BD47-E4720C49FD4D}.Debug|Any CPU.ActiveCfg = Debug|Any CPU
		{100FBA0B-6C06-470E-BD47-E4720C49FD4D}.Debug|Any CPU.Build.0 = Debug|Any CPU
		{100FBA0B-6C06-470E-BD47-E4720C49FD4D}.Release|Any CPU.ActiveCfg = Release|Any CPU
		{100FBA0B-6C06-470E-BD47-E4720C49FD4D}.Release|Any CPU.Build.0 = Release|Any CPU
	EndGlobalSection
	GlobalSection(SolutionProperties) = preSolution
		HideSolutionNode = FALSE
	EndGlobalSection
	GlobalSection(ExtensibilityGlobals) = postSolution
		SolutionGuid = {D63A2B5E-1777-4406-8E31-A0453FECFAE6}
	EndGlobalSection
EndGlobal
