
Microsoft Visual Studio Solution File, Format Version 12.00
# Visual Studio Version 16
VisualStudioVersion = 16.0.29613.14
MinimumVisualStudioVersion = 10.0.40219.1
Project("{FAE04EC0-301F-11D3-BF4B-00C04F79EFBC}") = "ValidationAsp", "ValidationAsp.csproj", "{AA8A3258-EFD6-47EE-A1B5-4E34710CA43D}"
EndProject
Global
	GlobalSection(SolutionConfigurationPlatforms) = preSolution
		Debug|Any CPU = Debug|Any CPU
		Release|Any CPU = Release|Any CPU
	EndGlobalSection
	GlobalSection(ProjectConfigurationPlatforms) = postSolution
		{AA8A3258-EFD6-47EE-A1B5-4E34710CA43D}.Debug|Any CPU.ActiveCfg = Debug|Any CPU
		{AA8A3258-EFD6-47EE-A1B5-4E34710CA43D}.Debug|Any CPU.Build.0 = Debug|Any CPU
		{AA8A3258-EFD6-47EE-A1B5-4E34710CA43D}.Release|Any CPU.ActiveCfg = Release|Any CPU
		{AA8A3258-EFD6-47EE-A1B5-4E34710CA43D}.Release|Any CPU.Build.0 = Release|Any CPU
	EndGlobalSection
	GlobalSection(SolutionProperties) = preSolution
		HideSolutionNode = FALSE
	EndGlobalSection
	GlobalSection(ExtensibilityGlobals) = postSolution
		SolutionGuid = {10966D1A-9077-46F3-9B41-0014C8B36AE5}
	EndGlobalSection
EndGlobal
