
Microsoft Visual Studio Solution File, Format Version 12.00
# Visual Studio Version 16
VisualStudioVersion = 16.0.29613.14
MinimumVisualStudioVersion = 10.0.40219.1
Project("{FAE04EC0-301F-11D3-BF4B-00C04F79EFBC}") = "JqueryIntro", "JqueryIntro.csproj", "{F162DD22-DD49-48EA-8E29-27BBBF27DDBC}"
EndProject
Global
	GlobalSection(SolutionConfigurationPlatforms) = preSolution
		Debug|Any CPU = Debug|Any CPU
		Release|Any CPU = Release|Any CPU
	EndGlobalSection
	GlobalSection(ProjectConfigurationPlatforms) = postSolution
		{F162DD22-DD49-48EA-8E29-27BBBF27DDBC}.Debug|Any CPU.ActiveCfg = Debug|Any CPU
		{F162DD22-DD49-48EA-8E29-27BBBF27DDBC}.Debug|Any CPU.Build.0 = Debug|Any CPU
		{F162DD22-DD49-48EA-8E29-27BBBF27DDBC}.Release|Any CPU.ActiveCfg = Release|Any CPU
		{F162DD22-DD49-48EA-8E29-27BBBF27DDBC}.Release|Any CPU.Build.0 = Release|Any CPU
	EndGlobalSection
	GlobalSection(SolutionProperties) = preSolution
		HideSolutionNode = FALSE
	EndGlobalSection
	GlobalSection(ExtensibilityGlobals) = postSolution
		SolutionGuid = {3A8A9815-60B9-4D8F-9781-BA4B06E3C37B}
	EndGlobalSection
EndGlobal
