
Microsoft Visual Studio Solution File, Format Version 12.00
# Visual Studio Version 16
VisualStudioVersion = 16.0.29613.14
MinimumVisualStudioVersion = 10.0.40219.1
Project("{FAE04EC0-301F-11D3-BF4B-00C04F79EFBC}") = "QuizAssignment", "QuizAssignment.csproj", "{81DD71DE-38D8-46A3-9B5D-B0E8F746049D}"
EndProject
Global
	GlobalSection(SolutionConfigurationPlatforms) = preSolution
		Debug|Any CPU = Debug|Any CPU
		Release|Any CPU = Release|Any CPU
	EndGlobalSection
	GlobalSection(ProjectConfigurationPlatforms) = postSolution
		{81DD71DE-38D8-46A3-9B5D-B0E8F746049D}.Debug|Any CPU.ActiveCfg = Debug|Any CPU
		{81DD71DE-38D8-46A3-9B5D-B0E8F746049D}.Debug|Any CPU.Build.0 = Debug|Any CPU
		{81DD71DE-38D8-46A3-9B5D-B0E8F746049D}.Release|Any CPU.ActiveCfg = Release|Any CPU
		{81DD71DE-38D8-46A3-9B5D-B0E8F746049D}.Release|Any CPU.Build.0 = Release|Any CPU
	EndGlobalSection
	GlobalSection(SolutionProperties) = preSolution
		HideSolutionNode = FALSE
	EndGlobalSection
	GlobalSection(ExtensibilityGlobals) = postSolution
		SolutionGuid = {F7430F34-EBFD-409F-9415-3D8DFB8D596B}
	EndGlobalSection
EndGlobal
