
Microsoft Visual Studio Solution File, Format Version 12.00
# Visual Studio Version 16
VisualStudioVersion = 16.0.29613.14
MinimumVisualStudioVersion = 10.0.40219.1
Project("{FAE04EC0-301F-11D3-BF4B-00C04F79EFBC}") = "FactoryPattern", "FactoryPattern.csproj", "{A482A070-0A00-4417-ABE7-C7854AAA6D20}"
EndProject
Global
	GlobalSection(SolutionConfigurationPlatforms) = preSolution
		Debug|Any CPU = Debug|Any CPU
		Release|Any CPU = Release|Any CPU
	EndGlobalSection
	GlobalSection(ProjectConfigurationPlatforms) = postSolution
		{A482A070-0A00-4417-ABE7-C7854AAA6D20}.Debug|Any CPU.ActiveCfg = Debug|Any CPU
		{A482A070-0A00-4417-ABE7-C7854AAA6D20}.Debug|Any CPU.Build.0 = Debug|Any CPU
		{A482A070-0A00-4417-ABE7-C7854AAA6D20}.Release|Any CPU.ActiveCfg = Release|Any CPU
		{A482A070-0A00-4417-ABE7-C7854AAA6D20}.Release|Any CPU.Build.0 = Release|Any CPU
	EndGlobalSection
	GlobalSection(SolutionProperties) = preSolution
		HideSolutionNode = FALSE
	EndGlobalSection
	GlobalSection(ExtensibilityGlobals) = postSolution
		SolutionGuid = {F28E8BE1-3E36-4172-8DE0-189E4709027F}
	EndGlobalSection
EndGlobal
