
Microsoft Visual Studio Solution File, Format Version 12.00
# Visual Studio Version 16
VisualStudioVersion = 16.0.29613.14
MinimumVisualStudioVersion = 10.0.40219.1
Project("{FAE04EC0-301F-11D3-BF4B-00C04F79EFBC}") = "HandsOnVariablesWithDataTypes", "HandsOnVariablesWithDataTypes.csproj", "{6B556917-0C34-47A0-844E-0CEA00B5F914}"
EndProject
Global
	GlobalSection(SolutionConfigurationPlatforms) = preSolution
		Debug|Any CPU = Debug|Any CPU
		Release|Any CPU = Release|Any CPU
	EndGlobalSection
	GlobalSection(ProjectConfigurationPlatforms) = postSolution
		{6B556917-0C34-47A0-844E-0CEA00B5F914}.Debug|Any CPU.ActiveCfg = Debug|Any CPU
		{6B556917-0C34-47A0-844E-0CEA00B5F914}.Debug|Any CPU.Build.0 = Debug|Any CPU
		{6B556917-0C34-47A0-844E-0CEA00B5F914}.Release|Any CPU.ActiveCfg = Release|Any CPU
		{6B556917-0C34-47A0-844E-0CEA00B5F914}.Release|Any CPU.Build.0 = Release|Any CPU
	EndGlobalSection
	GlobalSection(SolutionProperties) = preSolution
		HideSolutionNode = FALSE
	EndGlobalSection
	GlobalSection(ExtensibilityGlobals) = postSolution
		SolutionGuid = {FBE981C5-73B6-4F32-9921-C1ABD2754BF5}
	EndGlobalSection
EndGlobal
