
Microsoft Visual Studio Solution File, Format Version 12.00
# Visual Studio Version 16
VisualStudioVersion = 16.0.29613.14
MinimumVisualStudioVersion = 10.0.40219.1
Project("{FAE04EC0-301F-11D3-BF4B-00C04F79EFBC}") = "WebApiMissingOne", "WebApiMissingOne\WebApiMissingOne.csproj", "{99140C1D-D32C-49E6-A3CD-42F9F4072405}"
EndProject
Global
	GlobalSection(SolutionConfigurationPlatforms) = preSolution
		Debug|Any CPU = Debug|Any CPU
		Release|Any CPU = Release|Any CPU
	EndGlobalSection
	GlobalSection(ProjectConfigurationPlatforms) = postSolution
		{99140C1D-D32C-49E6-A3CD-42F9F4072405}.Debug|Any CPU.ActiveCfg = Debug|Any CPU
		{99140C1D-D32C-49E6-A3CD-42F9F4072405}.Debug|Any CPU.Build.0 = Debug|Any CPU
		{99140C1D-D32C-49E6-A3CD-42F9F4072405}.Release|Any CPU.ActiveCfg = Release|Any CPU
		{99140C1D-D32C-49E6-A3CD-42F9F4072405}.Release|Any CPU.Build.0 = Release|Any CPU
	EndGlobalSection
	GlobalSection(SolutionProperties) = preSolution
		HideSolutionNode = FALSE
	EndGlobalSection
	GlobalSection(ExtensibilityGlobals) = postSolution
		SolutionGuid = {C9FC8613-5B8E-456D-9028-A63CAC0531E3}
	EndGlobalSection
EndGlobal
