
Microsoft Visual Studio Solution File, Format Version 12.00
# Visual Studio Version 16
VisualStudioVersion = 16.0.29613.14
MinimumVisualStudioVersion = 10.0.40219.1
Project("{FAE04EC0-301F-11D3-BF4B-00C04F79EFBC}") = "StringPractice", "StringPractice.csproj", "{FDAFDB79-4125-4D8E-9A45-14CCD684705A}"
EndProject
Global
	GlobalSection(SolutionConfigurationPlatforms) = preSolution
		Debug|Any CPU = Debug|Any CPU
		Release|Any CPU = Release|Any CPU
	EndGlobalSection
	GlobalSection(ProjectConfigurationPlatforms) = postSolution
		{FDAFDB79-4125-4D8E-9A45-14CCD684705A}.Debug|Any CPU.ActiveCfg = Debug|Any CPU
		{FDAFDB79-4125-4D8E-9A45-14CCD684705A}.Debug|Any CPU.Build.0 = Debug|Any CPU
		{FDAFDB79-4125-4D8E-9A45-14CCD684705A}.Release|Any CPU.ActiveCfg = Release|Any CPU
		{FDAFDB79-4125-4D8E-9A45-14CCD684705A}.Release|Any CPU.Build.0 = Release|Any CPU
	EndGlobalSection
	GlobalSection(SolutionProperties) = preSolution
		HideSolutionNode = FALSE
	EndGlobalSection
	GlobalSection(ExtensibilityGlobals) = postSolution
		SolutionGuid = {89F7439F-7231-438F-85B2-C6BD0D7778ED}
	EndGlobalSection
EndGlobal
