
Microsoft Visual Studio Solution File, Format Version 12.00
# Visual Studio Version 16
VisualStudioVersion = 16.0.29613.14
MinimumVisualStudioVersion = 10.0.40219.1
Project("{FAE04EC0-301F-11D3-BF4B-00C04F79EFBC}") = "HandsOnThreads", "HandsOnThreads.csproj", "{3942B386-1AA6-49B5-AC07-30A6D9649123}"
EndProject
Global
	GlobalSection(SolutionConfigurationPlatforms) = preSolution
		Debug|Any CPU = Debug|Any CPU
		Release|Any CPU = Release|Any CPU
	EndGlobalSection
	GlobalSection(ProjectConfigurationPlatforms) = postSolution
		{3942B386-1AA6-49B5-AC07-30A6D9649123}.Debug|Any CPU.ActiveCfg = Debug|Any CPU
		{3942B386-1AA6-49B5-AC07-30A6D9649123}.Debug|Any CPU.Build.0 = Debug|Any CPU
		{3942B386-1AA6-49B5-AC07-30A6D9649123}.Release|Any CPU.ActiveCfg = Release|Any CPU
		{3942B386-1AA6-49B5-AC07-30A6D9649123}.Release|Any CPU.Build.0 = Release|Any CPU
	EndGlobalSection
	GlobalSection(SolutionProperties) = preSolution
		HideSolutionNode = FALSE
	EndGlobalSection
	GlobalSection(ExtensibilityGlobals) = postSolution
		SolutionGuid = {A78E68E6-7971-47A4-8173-67A0F7E2D572}
	EndGlobalSection
EndGlobal
