
Microsoft Visual Studio Solution File, Format Version 12.00
# Visual Studio Version 16
VisualStudioVersion = 16.0.29613.14
MinimumVisualStudioVersion = 10.0.40219.1
Project("{FAE04EC0-301F-11D3-BF4B-00C04F79EFBC}") = "HandsOnOperators", "HandsOnOperators.csproj", "{E473D36A-33BD-401C-AE8F-5F3899424725}"
EndProject
Global
	GlobalSection(SolutionConfigurationPlatforms) = preSolution
		Debug|Any CPU = Debug|Any CPU
		Release|Any CPU = Release|Any CPU
	EndGlobalSection
	GlobalSection(ProjectConfigurationPlatforms) = postSolution
		{E473D36A-33BD-401C-AE8F-5F3899424725}.Debug|Any CPU.ActiveCfg = Debug|Any CPU
		{E473D36A-33BD-401C-AE8F-5F3899424725}.Debug|Any CPU.Build.0 = Debug|Any CPU
		{E473D36A-33BD-401C-AE8F-5F3899424725}.Release|Any CPU.ActiveCfg = Release|Any CPU
		{E473D36A-33BD-401C-AE8F-5F3899424725}.Release|Any CPU.Build.0 = Release|Any CPU
	EndGlobalSection
	GlobalSection(SolutionProperties) = preSolution
		HideSolutionNode = FALSE
	EndGlobalSection
	GlobalSection(ExtensibilityGlobals) = postSolution
		SolutionGuid = {776DEBD4-6903-463B-8070-BE15280E4B4E}
	EndGlobalSection
EndGlobal
