
Microsoft Visual Studio Solution File, Format Version 12.00
# Visual Studio Version 16
VisualStudioVersion = 16.0.29613.14
MinimumVisualStudioVersion = 10.0.40219.1
Project("{FAE04EC0-301F-11D3-BF4B-00C04F79EFBC}") = "FilePractice", "FilePractice.csproj", "{56584D6D-97B2-4F3B-85EE-D5B83343A3A3}"
EndProject
Global
	GlobalSection(SolutionConfigurationPlatforms) = preSolution
		Debug|Any CPU = Debug|Any CPU
		Release|Any CPU = Release|Any CPU
	EndGlobalSection
	GlobalSection(ProjectConfigurationPlatforms) = postSolution
		{56584D6D-97B2-4F3B-85EE-D5B83343A3A3}.Debug|Any CPU.ActiveCfg = Debug|Any CPU
		{56584D6D-97B2-4F3B-85EE-D5B83343A3A3}.Debug|Any CPU.Build.0 = Debug|Any CPU
		{56584D6D-97B2-4F3B-85EE-D5B83343A3A3}.Release|Any CPU.ActiveCfg = Release|Any CPU
		{56584D6D-97B2-4F3B-85EE-D5B83343A3A3}.Release|Any CPU.Build.0 = Release|Any CPU
	EndGlobalSection
	GlobalSection(SolutionProperties) = preSolution
		HideSolutionNode = FALSE
	EndGlobalSection
	GlobalSection(ExtensibilityGlobals) = postSolution
		SolutionGuid = {DDC5CD8F-9241-47AB-AC3B-EB26B5313E3B}
	EndGlobalSection
EndGlobal
