
Microsoft Visual Studio Solution File, Format Version 12.00
# Visual Studio Version 16
VisualStudioVersion = 16.0.29613.14
MinimumVisualStudioVersion = 10.0.40219.1
Project("{FAE04EC0-301F-11D3-BF4B-00C04F79EFBC}") = "BootstrapIntro", "BootstrapIntro.csproj", "{31959304-A7C5-4F7B-8139-C0F394DA5079}"
EndProject
Global
	GlobalSection(SolutionConfigurationPlatforms) = preSolution
		Debug|Any CPU = Debug|Any CPU
		Release|Any CPU = Release|Any CPU
	EndGlobalSection
	GlobalSection(ProjectConfigurationPlatforms) = postSolution
		{31959304-A7C5-4F7B-8139-C0F394DA5079}.Debug|Any CPU.ActiveCfg = Debug|Any CPU
		{31959304-A7C5-4F7B-8139-C0F394DA5079}.Debug|Any CPU.Build.0 = Debug|Any CPU
		{31959304-A7C5-4F7B-8139-C0F394DA5079}.Release|Any CPU.ActiveCfg = Release|Any CPU
		{31959304-A7C5-4F7B-8139-C0F394DA5079}.Release|Any CPU.Build.0 = Release|Any CPU
	EndGlobalSection
	GlobalSection(SolutionProperties) = preSolution
		HideSolutionNode = FALSE
	EndGlobalSection
	GlobalSection(ExtensibilityGlobals) = postSolution
		SolutionGuid = {CAEB6282-5D18-4E5F-B1F2-CE1CCDC44D43}
	EndGlobalSection
EndGlobal
